
Microsoft Visual Studio Solution File, Format Version 12.00
# Visual Studio Version 16
VisualStudioVersion = 16.0.31613.86
MinimumVisualStudioVersion = 10.0.40219.1
Project("{FAE04EC0-301F-11D3-BF4B-00C04F79EFBC}") = "Mecanic.Common", "Mecanic.Common\Mecanic.Common.csproj", "{0905866F-FD92-410B-9A76-F1C926ACB1A6}"
EndProject
Project("{FAE04EC0-301F-11D3-BF4B-00C04F79EFBC}") = "Mecanic.API", "Mecanic.API\Mecanic.API.csproj", "{7F28731E-CA56-405E-AA9B-998B7D0F145D}"
EndProject
Global
	GlobalSection(SolutionConfigurationPlatforms) = preSolution
		Debug|Any CPU = Debug|Any CPU
		Release|Any CPU = Release|Any CPU
	EndGlobalSection
	GlobalSection(ProjectConfigurationPlatforms) = postSolution
		{0905866F-FD92-410B-9A76-F1C926ACB1A6}.Debug|Any CPU.ActiveCfg = Debug|Any CPU
		{0905866F-FD92-410B-9A76-F1C926ACB1A6}.Debug|Any CPU.Build.0 = Debug|Any CPU
		{0905866F-FD92-410B-9A76-F1C926ACB1A6}.Release|Any CPU.ActiveCfg = Release|Any CPU
		{0905866F-FD92-410B-9A76-F1C926ACB1A6}.Release|Any CPU.Build.0 = Release|Any CPU
		{7F28731E-CA56-405E-AA9B-998B7D0F145D}.Debug|Any CPU.ActiveCfg = Debug|Any CPU
		{7F28731E-CA56-405E-AA9B-998B7D0F145D}.Debug|Any CPU.Build.0 = Debug|Any CPU
		{7F28731E-CA56-405E-AA9B-998B7D0F145D}.Release|Any CPU.ActiveCfg = Release|Any CPU
		{7F28731E-CA56-405E-AA9B-998B7D0F145D}.Release|Any CPU.Build.0 = Release|Any CPU
	EndGlobalSection
	GlobalSection(SolutionProperties) = preSolution
		HideSolutionNode = FALSE
	EndGlobalSection
	GlobalSection(ExtensibilityGlobals) = postSolution
		SolutionGuid = {EA8CE362-9596-4BDD-B9FC-9AFEE7FC89C4}
	EndGlobalSection
EndGlobal
